
Microsoft Visual Studio Solution File, Format Version 12.00
# Visual Studio Version 16
VisualStudioVersion = 16.0.29418.71
MinimumVisualStudioVersion = 10.0.40219.1
Project("{FAE04EC0-301F-11D3-BF4B-00C04F79EFBC}") = "ExcecaoGlobal", "ExcecaoGlobal\ExcecaoGlobal.csproj", "{FDECDF9C-E346-47AC-B14C-AA2B122C0BB3}"
EndProject
Global
	GlobalSection(SolutionConfigurationPlatforms) = preSolution
		Debug|Any CPU = Debug|Any CPU
		Release|Any CPU = Release|Any CPU
	EndGlobalSection
	GlobalSection(ProjectConfigurationPlatforms) = postSolution
		{FDECDF9C-E346-47AC-B14C-AA2B122C0BB3}.Debug|Any CPU.ActiveCfg = Debug|Any CPU
		{FDECDF9C-E346-47AC-B14C-AA2B122C0BB3}.Debug|Any CPU.Build.0 = Debug|Any CPU
		{FDECDF9C-E346-47AC-B14C-AA2B122C0BB3}.Release|Any CPU.ActiveCfg = Release|Any CPU
		{FDECDF9C-E346-47AC-B14C-AA2B122C0BB3}.Release|Any CPU.Build.0 = Release|Any CPU
	EndGlobalSection
	GlobalSection(SolutionProperties) = preSolution
		HideSolutionNode = FALSE
	EndGlobalSection
	GlobalSection(ExtensibilityGlobals) = postSolution
		SolutionGuid = {32223D4F-37D4-4502-B22D-E977E4DEF1FE}
	EndGlobalSection
EndGlobal
